
Microsoft Visual Studio Solution File, Format Version 12.00
# Visual Studio Version 17
VisualStudioVersion = 17.12.35707.178
MinimumVisualStudioVersion = 10.0.40219.1
Project("{FAE04EC0-301F-11D3-BF4B-00C04F79EFBC}") = "testAppConsol", "testAppConsol\testAppConsol.csproj", "{00CD49CB-6109-46FC-8E50-E24B4B392C18}"
EndProject
Project("{FAE04EC0-301F-11D3-BF4B-00C04F79EFBC}") = "Design_Patterns_ Dependency_Injection", "Design_Patterns_ Dependency_Injection\Design_Patterns_ Dependency_Injection.csproj", "{1F28A110-D15D-44B0-BDB5-F3451263CB16}"
EndProject
Project("{FAE04EC0-301F-11D3-BF4B-00C04F79EFBC}") = "Design_Patterns_Singleton", "Design_Patterns_Singleton\Design_Patterns_Singleton.csproj", "{3DFE66CC-F51D-47CA-8269-BA5B9E2D640B}"
EndProject
Project("{FAE04EC0-301F-11D3-BF4B-00C04F79EFBC}") = "FixedSizeList_demo", "FixedSizeList_demo\FixedSizeList_demo.csproj", "{0FEC8932-1070-4C4C-9AAC-2C72317E56B7}"
EndProject
Project("{FAE04EC0-301F-11D3-BF4B-00C04F79EFBC}") = "Static_Utilities&Sealed_Logger", "Static_Utilities&Sealed_Logger\Static_Utilities&Sealed_Logger.csproj", "{20D77268-1FA2-49E1-8C0D-97BA6D29AE7C}"
EndProject
Global
	GlobalSection(SolutionConfigurationPlatforms) = preSolution
		Debug|Any CPU = Debug|Any CPU
		Release|Any CPU = Release|Any CPU
	EndGlobalSection
	GlobalSection(ProjectConfigurationPlatforms) = postSolution
		{00CD49CB-6109-46FC-8E50-E24B4B392C18}.Debug|Any CPU.ActiveCfg = Debug|Any CPU
		{00CD49CB-6109-46FC-8E50-E24B4B392C18}.Debug|Any CPU.Build.0 = Debug|Any CPU
		{00CD49CB-6109-46FC-8E50-E24B4B392C18}.Release|Any CPU.ActiveCfg = Release|Any CPU
		{00CD49CB-6109-46FC-8E50-E24B4B392C18}.Release|Any CPU.Build.0 = Release|Any CPU
		{1F28A110-D15D-44B0-BDB5-F3451263CB16}.Debug|Any CPU.ActiveCfg = Debug|Any CPU
		{1F28A110-D15D-44B0-BDB5-F3451263CB16}.Debug|Any CPU.Build.0 = Debug|Any CPU
		{1F28A110-D15D-44B0-BDB5-F3451263CB16}.Release|Any CPU.ActiveCfg = Release|Any CPU
		{1F28A110-D15D-44B0-BDB5-F3451263CB16}.Release|Any CPU.Build.0 = Release|Any CPU
		{3DFE66CC-F51D-47CA-8269-BA5B9E2D640B}.Debug|Any CPU.ActiveCfg = Debug|Any CPU
		{3DFE66CC-F51D-47CA-8269-BA5B9E2D640B}.Debug|Any CPU.Build.0 = Debug|Any CPU
		{3DFE66CC-F51D-47CA-8269-BA5B9E2D640B}.Release|Any CPU.ActiveCfg = Release|Any CPU
		{3DFE66CC-F51D-47CA-8269-BA5B9E2D640B}.Release|Any CPU.Build.0 = Release|Any CPU
		{0FEC8932-1070-4C4C-9AAC-2C72317E56B7}.Debug|Any CPU.ActiveCfg = Debug|Any CPU
		{0FEC8932-1070-4C4C-9AAC-2C72317E56B7}.Debug|Any CPU.Build.0 = Debug|Any CPU
		{0FEC8932-1070-4C4C-9AAC-2C72317E56B7}.Release|Any CPU.ActiveCfg = Release|Any CPU
		{0FEC8932-1070-4C4C-9AAC-2C72317E56B7}.Release|Any CPU.Build.0 = Release|Any CPU
		{20D77268-1FA2-49E1-8C0D-97BA6D29AE7C}.Debug|Any CPU.ActiveCfg = Debug|Any CPU
		{20D77268-1FA2-49E1-8C0D-97BA6D29AE7C}.Debug|Any CPU.Build.0 = Debug|Any CPU
		{20D77268-1FA2-49E1-8C0D-97BA6D29AE7C}.Release|Any CPU.ActiveCfg = Release|Any CPU
		{20D77268-1FA2-49E1-8C0D-97BA6D29AE7C}.Release|Any CPU.Build.0 = Release|Any CPU
	EndGlobalSection
	GlobalSection(SolutionProperties) = preSolution
		HideSolutionNode = FALSE
	EndGlobalSection
	GlobalSection(ExtensibilityGlobals) = postSolution
		SolutionGuid = {CBC461DC-3F43-4F08-970A-E10603DABF5E}
	EndGlobalSection
EndGlobal
